// !$*UTF8*$!
{
	archiveVersion = 1;
	classes = {
	};
	objectVersion = 46;
	objects = {

/* Begin PBXBuildFile section */
		1F7902D8162C8DB200D67649 /* UIKit.framework in Frameworks */ = {isa = PBXBuildFile; fileRef = 1F7902D7162C8DB200D67649 /* UIKit.framework */; };
		1F7902DA162C8DB200D67649 /* Foundation.framework in Frameworks */ = {isa = PBXBuildFile; fileRef = 1F7902D9162C8DB200D67649 /* Foundation.framework */; };
		1F7902DC162C8DB200D67649 /* CoreGraphics.framework in Frameworks */ = {isa = PBXBuildFile; fileRef = 1F7902DB162C8DB200D67649 /* CoreGraphics.framework */; };
		1F7902E2162C8DB200D67649 /* InfoPlist.strings in Resources */ = {isa = PBXBuildFile; fileRef = 1F7902E0162C8DB200D67649 /* InfoPlist.strings */; };
		1F7902E4162C8DB200D67649 /* main.m in Sources */ = {isa = PBXBuildFile; fileRef = 1F7902E3162C8DB200D67649 /* main.m */; };
		1F7902E8162C8DB200D67649 /* RemAppDelegate.m in Sources */ = {isa = PBXBuildFile; fileRef = 1F7902E7162C8DB200D67649 /* RemAppDelegate.m */; };
		1F7902EA162C8DB200D67649 /* Default.png in Resources */ = {isa = PBXBuildFile; fileRef = 1F7902E9162C8DB200D67649 /* Default.png */; };
		1F7902EC162C8DB200D67649 /* Default@2x.png in Resources */ = {isa = PBXBuildFile; fileRef = 1F7902EB162C8DB200D67649 /* Default@2x.png */; };
		1F7902EE162C8DB200D67649 /* Default-568h@2x.png in Resources */ = {isa = PBXBuildFile; fileRef = 1F7902ED162C8DB200D67649 /* Default-568h@2x.png */; };
		1F7902F1162C8DB200D67649 /* MainStoryboard.storyboard in Resources */ = {isa = PBXBuildFile; fileRef = 1F7902EF162C8DB200D67649 /* MainStoryboard.storyboard */; };
		1F7902F4162C8DB200D67649 /* RemMasterViewController.m in Sources */ = {isa = PBXBuildFile; fileRef = 1F7902F3162C8DB200D67649 /* RemMasterViewController.m */; };
		1F7902F7162C8DB200D67649 /* RemDetailViewController.m in Sources */ = {isa = PBXBuildFile; fileRef = 1F7902F6162C8DB200D67649 /* RemDetailViewController.m */; };
		1F7902FF162C8DDF00D67649 /* RemModel.m in Sources */ = {isa = PBXBuildFile; fileRef = 1F7902FE162C8DDF00D67649 /* RemModel.m */; };
		1F790302162C8F6900D67649 /* RemEventDetailCell.m in Sources */ = {isa = PBXBuildFile; fileRef = 1F790301162C8F6900D67649 /* RemEventDetailCell.m */; };
		1F790304162C90E600D67649 /* up.png in Resources */ = {isa = PBXBuildFile; fileRef = 1F790303162C90E600D67649 /* up.png */; };
		1F790306162C90EE00D67649 /* background.png in Resources */ = {isa = PBXBuildFile; fileRef = 1F790305162C90EE00D67649 /* background.png */; };
		1F790308162C916600D67649 /* EventKit.framework in Frameworks */ = {isa = PBXBuildFile; fileRef = 1F790307162C916600D67649 /* EventKit.framework */; };
		1F79030E162E08FD00D67649 /* check_mark.jpeg in Resources */ = {isa = PBXBuildFile; fileRef = 1F79030D162E08FD00D67649 /* check_mark.jpeg */; };
/* End PBXBuildFile section */

/* Begin PBXFileReference section */
		1F7902D3162C8DB200D67649 /* RemSpy.app */ = {isa = PBXFileReference; explicitFileType = wrapper.application; includeInIndex = 0; path = RemSpy.app; sourceTree = BUILT_PRODUCTS_DIR; };
		1F7902D7162C8DB200D67649 /* UIKit.framework */ = {isa = PBXFileReference; lastKnownFileType = wrapper.framework; name = UIKit.framework; path = System/Library/Frameworks/UIKit.framework; sourceTree = SDKROOT; };
		1F7902D9162C8DB200D67649 /* Foundation.framework */ = {isa = PBXFileReference; lastKnownFileType = wrapper.framework; name = Foundation.framework; path = System/Library/Frameworks/Foundation.framework; sourceTree = SDKROOT; };
		1F7902DB162C8DB200D67649 /* CoreGraphics.framework */ = {isa = PBXFileReference; lastKnownFileType = wrapper.framework; name = CoreGraphics.framework; path = System/Library/Frameworks/CoreGraphics.framework; sourceTree = SDKROOT; };
		1F7902DF162C8DB200D67649 /* RemSpy-Info.plist */ = {isa = PBXFileReference; lastKnownFileType = text.plist.xml; path = "RemSpy-Info.plist"; sourceTree = "<group>"; };
		1F7902E1162C8DB200D67649 /* en */ = {isa = PBXFileReference; lastKnownFileType = text.plist.strings; name = en; path = en.lproj/InfoPlist.strings; sourceTree = "<group>"; };
		1F7902E3162C8DB200D67649 /* main.m */ = {isa = PBXFileReference; lastKnownFileType = sourcecode.c.objc; path = main.m; sourceTree = "<group>"; };
		1F7902E5162C8DB200D67649 /* RemSpy-Prefix.pch */ = {isa = PBXFileReference; lastKnownFileType = sourcecode.c.h; path = "RemSpy-Prefix.pch"; sourceTree = "<group>"; };
		1F7902E6162C8DB200D67649 /* RemAppDelegate.h */ = {isa = PBXFileReference; lastKnownFileType = sourcecode.c.h; path = RemAppDelegate.h; sourceTree = "<group>"; };
		1F7902E7162C8DB200D67649 /* RemAppDelegate.m */ = {isa = PBXFileReference; lastKnownFileType = sourcecode.c.objc; path = RemAppDelegate.m; sourceTree = "<group>"; };
		1F7902E9162C8DB200D67649 /* Default.png */ = {isa = PBXFileReference; lastKnownFileType = image.png; path = Default.png; sourceTree = "<group>"; };
		1F7902EB162C8DB200D67649 /* Default@2x.png */ = {isa = PBXFileReference; lastKnownFileType = image.png; path = "Default@2x.png"; sourceTree = "<group>"; };
		1F7902ED162C8DB200D67649 /* Default-568h@2x.png */ = {isa = PBXFileReference; lastKnownFileType = image.png; path = "Default-568h@2x.png"; sourceTree = "<group>"; };
		1F7902F0162C8DB200D67649 /* en */ = {isa = PBXFileReference; lastKnownFileType = file.storyboard; name = en; path = en.lproj/MainStoryboard.storyboard; sourceTree = "<group>"; };
		1F7902F2162C8DB200D67649 /* RemMasterViewController.h */ = {isa = PBXFileReference; lastKnownFileType = sourcecode.c.h; path = RemMasterViewController.h; sourceTree = "<group>"; };
		1F7902F3162C8DB200D67649 /* RemMasterViewController.m */ = {isa = PBXFileReference; lastKnownFileType = sourcecode.c.objc; path = RemMasterViewController.m; sourceTree = "<group>"; };
		1F7902F5162C8DB200D67649 /* RemDetailViewController.h */ = {isa = PBXFileReference; lastKnownFileType = sourcecode.c.h; path = RemDetailViewController.h; sourceTree = "<group>"; };
		1F7902F6162C8DB200D67649 /* RemDetailViewController.m */ = {isa = PBXFileReference; lastKnownFileType = sourcecode.c.objc; path = RemDetailViewController.m; sourceTree = "<group>"; };
		1F7902FD162C8DDF00D67649 /* RemModel.h */ = {isa = PBXFileReference; fileEncoding = 4; lastKnownFileType = sourcecode.c.h; path = RemModel.h; sourceTree = "<group>"; };
		1F7902FE162C8DDF00D67649 /* RemModel.m */ = {isa = PBXFileReference; fileEncoding = 4; lastKnownFileType = sourcecode.c.objc; path = RemModel.m; sourceTree = "<group>"; };
		1F790300162C8F6900D67649 /* RemEventDetailCell.h */ = {isa = PBXFileReference; fileEncoding = 4; lastKnownFileType = sourcecode.c.h; path = RemEventDetailCell.h; sourceTree = "<group>"; };
		1F790301162C8F6900D67649 /* RemEventDetailCell.m */ = {isa = PBXFileReference; fileEncoding = 4; lastKnownFileType = sourcecode.c.objc; path = RemEventDetailCell.m; sourceTree = "<group>"; };
		1F790303162C90E600D67649 /* up.png */ = {isa = PBXFileReference; lastKnownFileType = image.png; path = up.png; sourceTree = "<group>"; };
		1F790305162C90EE00D67649 /* background.png */ = {isa = PBXFileReference; lastKnownFileType = image.png; path = background.png; sourceTree = "<group>"; };
		1F790307162C916600D67649 /* EventKit.framework */ = {isa = PBXFileReference; lastKnownFileType = wrapper.framework; name = EventKit.framework; path = System/Library/Frameworks/EventKit.framework; sourceTree = SDKROOT; };
		1F79030D162E08FD00D67649 /* check_mark.jpeg */ = {isa = PBXFileReference; lastKnownFileType = image.jpeg; name = check_mark.jpeg; path = ../../../../Desktop/check_mark.jpeg; sourceTree = "<group>"; };
/* End PBXFileReference section */

/* Begin PBXFrameworksBuildPhase section */
		1F7902D0162C8DB200D67649 /* Frameworks */ = {
			isa = PBXFrameworksBuildPhase;
			buildActionMask = 2147483647;
			files = (
				1F790308162C916600D67649 /* EventKit.framework in Frameworks */,
				1F7902D8162C8DB200D67649 /* UIKit.framework in Frameworks */,
				1F7902DA162C8DB200D67649 /* Foundation.framework in Frameworks */,
				1F7902DC162C8DB200D67649 /* CoreGraphics.framework in Frameworks */,
			);
			runOnlyForDeploymentPostprocessing = 0;
		};
/* End PBXFrameworksBuildPhase section */

/* Begin PBXGroup section */
		1F7902C8162C8DB200D67649 = {
			isa = PBXGroup;
			children = (
				1F790307162C916600D67649 /* EventKit.framework */,
				1F7902DD162C8DB200D67649 /* RemSpy */,
				1F7902D6162C8DB200D67649 /* Frameworks */,
				1F7902D4162C8DB200D67649 /* Products */,
			);
			sourceTree = "<group>";
		};
		1F7902D4162C8DB200D67649 /* Products */ = {
			isa = PBXGroup;
			children = (
				1F7902D3162C8DB200D67649 /* RemSpy.app */,
			);
			name = Products;
			sourceTree = "<group>";
		};
		1F7902D6162C8DB200D67649 /* Frameworks */ = {
			isa = PBXGroup;
			children = (
				1F7902D7162C8DB200D67649 /* UIKit.framework */,
				1F7902D9162C8DB200D67649 /* Foundation.framework */,
				1F7902DB162C8DB200D67649 /* CoreGraphics.framework */,
			);
			name = Frameworks;
			sourceTree = "<group>";
		};
		1F7902DD162C8DB200D67649 /* RemSpy */ = {
			isa = PBXGroup;
			children = (
				1F790300162C8F6900D67649 /* RemEventDetailCell.h */,
				1F790301162C8F6900D67649 /* RemEventDetailCell.m */,
				1F7902FD162C8DDF00D67649 /* RemModel.h */,
				1F7902FE162C8DDF00D67649 /* RemModel.m */,
				1F7902E6162C8DB200D67649 /* RemAppDelegate.h */,
				1F7902E7162C8DB200D67649 /* RemAppDelegate.m */,
				1F7902EF162C8DB200D67649 /* MainStoryboard.storyboard */,
				1F7902F2162C8DB200D67649 /* RemMasterViewController.h */,
				1F7902F3162C8DB200D67649 /* RemMasterViewController.m */,
				1F7902F5162C8DB200D67649 /* RemDetailViewController.h */,
				1F7902F6162C8DB200D67649 /* RemDetailViewController.m */,
				1F7902DE162C8DB200D67649 /* Supporting Files */,
			);
			path = RemSpy;
			sourceTree = "<group>";
		};
		1F7902DE162C8DB200D67649 /* Supporting Files */ = {
			isa = PBXGroup;
			children = (
				1F79030D162E08FD00D67649 /* check_mark.jpeg */,
				1F790305162C90EE00D67649 /* background.png */,
				1F790303162C90E600D67649 /* up.png */,
				1F7902DF162C8DB200D67649 /* RemSpy-Info.plist */,
				1F7902E0162C8DB200D67649 /* InfoPlist.strings */,
				1F7902E3162C8DB200D67649 /* main.m */,
				1F7902E5162C8DB200D67649 /* RemSpy-Prefix.pch */,
				1F7902E9162C8DB200D67649 /* Default.png */,
				1F7902EB162C8DB200D67649 /* Default@2x.png */,
				1F7902ED162C8DB200D67649 /* Default-568h@2x.png */,
			);
			name = "Supporting Files";
			sourceTree = "<group>";
		};
/* End PBXGroup section */

/* Begin PBXNativeTarget section */
		1F7902D2162C8DB200D67649 /* RemSpy */ = {
			isa = PBXNativeTarget;
			buildConfigurationList = 1F7902FA162C8DB200D67649 /* Build configuration list for PBXNativeTarget "RemSpy" */;
			buildPhases = (
				1F7902CF162C8DB200D67649 /* Sources */,
				1F7902D0162C8DB200D67649 /* Frameworks */,
				1F7902D1162C8DB200D67649 /* Resources */,
			);
			buildRules = (
			);
			dependencies = (
			);
			name = RemSpy;
			productName = RemSpy;
			productReference = 1F7902D3162C8DB200D67649 /* RemSpy.app */;
			productType = "com.apple.product-type.application";
		};
/* End PBXNativeTarget section */

/* Begin PBXProject section */
		1F7902CA162C8DB200D67649 /* Project object */ = {
			isa = PBXProject;
			attributes = {
				CLASSPREFIX = Rem;
				LastUpgradeCheck = 0450;
				ORGANIZATIONNAME = Zhang;
			};
			buildConfigurationList = 1F7902CD162C8DB200D67649 /* Build configuration list for PBXProject "RemSpy" */;
			compatibilityVersion = "Xcode 3.2";
			developmentRegion = English;
			hasScannedForEncodings = 0;
			knownRegions = (
				en,
			);
			mainGroup = 1F7902C8162C8DB200D67649;
			productRefGroup = 1F7902D4162C8DB200D67649 /* Products */;
			projectDirPath = "";
			projectRoot = "";
			targets = (
				1F7902D2162C8DB200D67649 /* RemSpy */,
			);
		};
/* End PBXProject section */

/* Begin PBXResourcesBuildPhase section */
		1F7902D1162C8DB200D67649 /* Resources */ = {
			isa = PBXResourcesBuildPhase;
			buildActionMask = 2147483647;
			files = (
				1F7902E2162C8DB200D67649 /* InfoPlist.strings in Resources */,
				1F7902EA162C8DB200D67649 /* Default.png in Resources */,
				1F7902EC162C8DB200D67649 /* Default@2x.png in Resources */,
				1F7902EE162C8DB200D67649 /* Default-568h@2x.png in Resources */,
				1F7902F1162C8DB200D67649 /* MainStoryboard.storyboard in Resources */,
				1F790304162C90E600D67649 /* up.png in Resources */,
				1F790306162C90EE00D67649 /* background.png in Resources */,
				1F79030E162E08FD00D67649 /* check_mark.jpeg in Resources */,
			);
			runOnlyForDeploymentPostprocessing = 0;
		};
/* End PBXResourcesBuildPhase section */

/* Begin PBXSourcesBuildPhase section */
		1F7902CF162C8DB200D67649 /* Sources */ = {
			isa = PBXSourcesBuildPhase;
			buildActionMask = 2147483647;
			files = (
				1F7902E4162C8DB200D67649 /* main.m in Sources */,
				1F7902E8162C8DB200D67649 /* RemAppDelegate.m in Sources */,
				1F7902F4162C8DB200D67649 /* RemMasterViewController.m in Sources */,
				1F7902F7162C8DB200D67649 /* RemDetailViewController.m in Sources */,
				1F7902FF162C8DDF00D67649 /* RemModel.m in Sources */,
				1F790302162C8F6900D67649 /* RemEventDetailCell.m in Sources */,
			);
			runOnlyForDeploymentPostprocessing = 0;
		};
/* End PBXSourcesBuildPhase section */

/* Begin PBXVariantGroup section */
		1F7902E0162C8DB200D67649 /* InfoPlist.strings */ = {
			isa = PBXVariantGroup;
			children = (
				1F7902E1162C8DB200D67649 /* en */,
			);
			name = InfoPlist.strings;
			sourceTree = "<group>";
		};
		1F7902EF162C8DB200D67649 /* MainStoryboard.storyboard */ = {
			isa = PBXVariantGroup;
			children = (
				1F7902F0162C8DB200D67649 /* en */,
			);
			name = MainStoryboard.storyboard;
			sourceTree = "<group>";
		};
/* End PBXVariantGroup section */

/* Begin XCBuildConfiguration section */
		1F7902F8162C8DB200D67649 /* Debug */ = {
			isa = XCBuildConfiguration;
			buildSettings = {
				ALWAYS_SEARCH_USER_PATHS = NO;
				CLANG_CXX_LANGUAGE_STANDARD = "gnu++0x";
				CLANG_CXX_LIBRARY = "libc++";
				CLANG_ENABLE_OBJC_ARC = YES;
				CLANG_WARN_EMPTY_BODY = YES;
				CLANG_WARN__DUPLICATE_METHOD_MATCH = YES;
				"CODE_SIGN_IDENTITY[sdk=iphoneos*]" = "iPhone Developer";
				COPY_PHASE_STRIP = NO;
				GCC_C_LANGUAGE_STANDARD = gnu99;
				GCC_DYNAMIC_NO_PIC = NO;
				GCC_OPTIMIZATION_LEVEL = 0;
				GCC_PREPROCESSOR_DEFINITIONS = (
					"DEBUG=1",
					"$(inherited)",
				);
				GCC_SYMBOLS_PRIVATE_EXTERN = NO;
				GCC_WARN_ABOUT_RETURN_TYPE = YES;
				GCC_WARN_UNINITIALIZED_AUTOS = YES;
				GCC_WARN_UNUSED_VARIABLE = YES;
				IPHONEOS_DEPLOYMENT_TARGET = 6.0;
				ONLY_ACTIVE_ARCH = YES;
				SDKROOT = iphoneos;
			};
			name = Debug;
		};
		1F7902F9162C8DB200D67649 /* Release */ = {
			isa = XCBuildConfiguration;
			buildSettings = {
				ALWAYS_SEARCH_USER_PATHS = NO;
				CLANG_CXX_LANGUAGE_STANDARD = "gnu++0x";
				CLANG_CXX_LIBRARY = "libc++";
				CLANG_ENABLE_OBJC_ARC = YES;
				CLANG_WARN_EMPTY_BODY = YES;
				CLANG_WARN__DUPLICATE_METHOD_MATCH = YES;
				"CODE_SIGN_IDENTITY[sdk=iphoneos*]" = "iPhone Developer";
				COPY_PHASE_STRIP = YES;
				GCC_C_LANGUAGE_STANDARD = gnu99;
				GCC_WARN_ABOUT_RETURN_TYPE = YES;
				GCC_WARN_UNINITIALIZED_AUTOS = YES;
				GCC_WARN_UNUSED_VARIABLE = YES;
				IPHONEOS_DEPLOYMENT_TARGET = 6.0;
				OTHER_CFLAGS = "-DNS_BLOCK_ASSERTIONS=1";
				SDKROOT = iphoneos;
				VALIDATE_PRODUCT = YES;
			};
			name = Release;
		};
		1F7902FB162C8DB200D67649 /* Debug */ = {
			isa = XCBuildConfiguration;
			buildSettings = {
				GCC_PRECOMPILE_PREFIX_HEADER = YES;
				GCC_PREFIX_HEADER = "RemSpy/RemSpy-Prefix.pch";
				INFOPLIST_FILE = "RemSpy/RemSpy-Info.plist";
				PRODUCT_NAME = "$(TARGET_NAME)";
				WRAPPER_EXTENSION = app;
			};
			name = Debug;
		};
		1F7902FC162C8DB200D67649 /* Release */ = {
			isa = XCBuildConfiguration;
			buildSettings = {
				GCC_PRECOMPILE_PREFIX_HEADER = YES;
				GCC_PREFIX_HEADER = "RemSpy/RemSpy-Prefix.pch";
				INFOPLIST_FILE = "RemSpy/RemSpy-Info.plist";
				PRODUCT_NAME = "$(TARGET_NAME)";
				WRAPPER_EXTENSION = app;
			};
			name = Release;
		};
/* End XCBuildConfiguration section */

/* Begin XCConfigurationList section */
		1F7902CD162C8DB200D67649 /* Build configuration list for PBXProject "RemSpy" */ = {
			isa = XCConfigurationList;
			buildConfigurations = (
				1F7902F8162C8DB200D67649 /* Debug */,
				1F7902F9162C8DB200D67649 /* Release */,
			);
			defaultConfigurationIsVisible = 0;
			defaultConfigurationName = Release;
		};
		1F7902FA162C8DB200D67649 /* Build configuration list for PBXNativeTarget "RemSpy" */ = {
			isa = XCConfigurationList;
			buildConfigurations = (
				1F7902FB162C8DB200D67649 /* Debug */,
				1F7902FC162C8DB200D67649 /* Release */,
			);
			defaultConfigurationIsVisible = 0;
		};
/* End XCConfigurationList section */
	};
	rootObject = 1F7902CA162C8DB200D67649 /* Project object */;
}
